// !$*UTF8*$!
{
	archiveVersion = 1;
	classes = {
	};
	objectVersion = 50;
	objects = {

/* Begin PBXBuildFile section */
		FE258F2F20942DFB000EF247 /* AppDelegate.swift in Sources */ = {isa = PBXBuildFile; fileRef = FE258F2E20942DFB000EF247 /* AppDelegate.swift */; };
		FE258F3120942DFC000EF247 /* ViewController.swift in Sources */ = {isa = PBXBuildFile; fileRef = FE258F3020942DFC000EF247 /* ViewController.swift */; };
		FE258F3420942DFC000EF247 /* Main.storyboard in Resources */ = {isa = PBXBuildFile; fileRef = FE258F3220942DFC000EF247 /* Main.storyboard */; };
		FE258F3620942DFD000EF247 /* Assets.xcassets in Resources */ = {isa = PBXBuildFile; fileRef = FE258F3520942DFD000EF247 /* Assets.xcassets */; };
		FE258F3920942DFD000EF247 /* LaunchScreen.storyboard in Resources */ = {isa = PBXBuildFile; fileRef = FE258F3720942DFD000EF247 /* LaunchScreen.storyboard */; };
		FE2E7DD620942E4800B721A1 /* GoogleService-Info.plist in Resources */ = {isa = PBXBuildFile; fileRef = FE2E7DD520942E4700B721A1 /* GoogleService-Info.plist */; };
		FF69941522CE0B39D66247DE /* Pods_FirestoreSandbox.framework in Frameworks */ = {isa = PBXBuildFile; fileRef = AA3113C63FC65AB22CC18C6F /* Pods_FirestoreSandbox.framework */; };
/* End PBXBuildFile section */

/* Begin PBXFileReference section */
		5D881C24BAEB01F8D2CF7FBD /* Pods-FirestoreSandbox.release.xcconfig */ = {isa = PBXFileReference; includeInIndex = 1; lastKnownFileType = text.xcconfig; name = "Pods-FirestoreSandbox.release.xcconfig"; path = "Pods/Target Support Files/Pods-FirestoreSandbox/Pods-FirestoreSandbox.release.xcconfig"; sourceTree = "<group>"; };
		76CD5551A750253E79839FC9 /* Pods-FirestoreSandbox.debug.xcconfig */ = {isa = PBXFileReference; includeInIndex = 1; lastKnownFileType = text.xcconfig; name = "Pods-FirestoreSandbox.debug.xcconfig"; path = "Pods/Target Support Files/Pods-FirestoreSandbox/Pods-FirestoreSandbox.debug.xcconfig"; sourceTree = "<group>"; };
		AA3113C63FC65AB22CC18C6F /* Pods_FirestoreSandbox.framework */ = {isa = PBXFileReference; explicitFileType = wrapper.framework; includeInIndex = 0; path = Pods_FirestoreSandbox.framework; sourceTree = BUILT_PRODUCTS_DIR; };
		FE258F2B20942DFB000EF247 /* FirestoreSandbox.app */ = {isa = PBXFileReference; explicitFileType = wrapper.application; includeInIndex = 0; path = FirestoreSandbox.app; sourceTree = BUILT_PRODUCTS_DIR; };
		FE258F2E20942DFB000EF247 /* AppDelegate.swift */ = {isa = PBXFileReference; lastKnownFileType = sourcecode.swift; path = AppDelegate.swift; sourceTree = "<group>"; };
		FE258F3020942DFC000EF247 /* ViewController.swift */ = {isa = PBXFileReference; lastKnownFileType = sourcecode.swift; path = ViewController.swift; sourceTree = "<group>"; };
		FE258F3320942DFC000EF247 /* Base */ = {isa = PBXFileReference; lastKnownFileType = file.storyboard; name = Base; path = Base.lproj/Main.storyboard; sourceTree = "<group>"; };
		FE258F3520942DFD000EF247 /* Assets.xcassets */ = {isa = PBXFileReference; lastKnownFileType = folder.assetcatalog; path = Assets.xcassets; sourceTree = "<group>"; };
		FE258F3820942DFD000EF247 /* Base */ = {isa = PBXFileReference; lastKnownFileType = file.storyboard; name = Base; path = Base.lproj/LaunchScreen.storyboard; sourceTree = "<group>"; };
		FE258F3A20942DFD000EF247 /* Info.plist */ = {isa = PBXFileReference; lastKnownFileType = text.plist.xml; path = Info.plist; sourceTree = "<group>"; };
		FE2E7DD520942E4700B721A1 /* GoogleService-Info.plist */ = {isa = PBXFileReference; fileEncoding = 4; lastKnownFileType = text.plist.xml; path = "GoogleService-Info.plist"; sourceTree = "<group>"; };
		FE2E7DD720942E7400B721A1 /* Podfile */ = {isa = PBXFileReference; lastKnownFileType = text; path = Podfile; sourceTree = "<group>"; xcLanguageSpecificationIdentifier = xcode.lang.ruby; };
/* End PBXFileReference section */

/* Begin PBXFrameworksBuildPhase section */
		FE258F2820942DFB000EF247 /* Frameworks */ = {
			isa = PBXFrameworksBuildPhase;
			buildActionMask = 2147483647;
			files = (
				FF69941522CE0B39D66247DE /* Pods_FirestoreSandbox.framework in Frameworks */,
			);
			runOnlyForDeploymentPostprocessing = 0;
		};
/* End PBXFrameworksBuildPhase section */

/* Begin PBXGroup section */
		0AC9E239A3C48EF8140ED36C /* Frameworks */ = {
			isa = PBXGroup;
			children = (
				AA3113C63FC65AB22CC18C6F /* Pods_FirestoreSandbox.framework */,
			);
			name = Frameworks;
			sourceTree = "<group>";
		};
		FD61338F4CAFE976A43CC96B /* Pods */ = {
			isa = PBXGroup;
			children = (
				76CD5551A750253E79839FC9 /* Pods-FirestoreSandbox.debug.xcconfig */,
				5D881C24BAEB01F8D2CF7FBD /* Pods-FirestoreSandbox.release.xcconfig */,
			);
			name = Pods;
			sourceTree = "<group>";
		};
		FE258F2220942DFB000EF247 = {
			isa = PBXGroup;
			children = (
				FE2E7DD720942E7400B721A1 /* Podfile */,
				FE258F2D20942DFB000EF247 /* FirestoreSandbox */,
				FE258F2C20942DFB000EF247 /* Products */,
				FD61338F4CAFE976A43CC96B /* Pods */,
				0AC9E239A3C48EF8140ED36C /* Frameworks */,
			);
			sourceTree = "<group>";
		};
		FE258F2C20942DFB000EF247 /* Products */ = {
			isa = PBXGroup;
			children = (
				FE258F2B20942DFB000EF247 /* FirestoreSandbox.app */,
			);
			name = Products;
			sourceTree = "<group>";
		};
		FE258F2D20942DFB000EF247 /* FirestoreSandbox */ = {
			isa = PBXGroup;
			children = (
				FE2E7DD520942E4700B721A1 /* GoogleService-Info.plist */,
				FE258F2E20942DFB000EF247 /* AppDelegate.swift */,
				FE258F3020942DFC000EF247 /* ViewController.swift */,
				FE258F3220942DFC000EF247 /* Main.storyboard */,
				FE258F3520942DFD000EF247 /* Assets.xcassets */,
				FE258F3720942DFD000EF247 /* LaunchScreen.storyboard */,
				FE258F3A20942DFD000EF247 /* Info.plist */,
			);
			path = FirestoreSandbox;
			sourceTree = "<group>";
		};
/* End PBXGroup section */

/* Begin PBXNativeTarget section */
		FE258F2A20942DFB000EF247 /* FirestoreSandbox */ = {
			isa = PBXNativeTarget;
			buildConfigurationList = FE258F3D20942DFD000EF247 /* Build configuration list for PBXNativeTarget "FirestoreSandbox" */;
			buildPhases = (
				C6BC56992B4E322BB4139B57 /* [CP] Check Pods Manifest.lock */,
				FE258F2720942DFB000EF247 /* Sources */,
				FE258F2820942DFB000EF247 /* Frameworks */,
				FE258F2920942DFB000EF247 /* Resources */,
				F9C06064DCC040B8BF78AEDD /* [CP] Embed Pods Frameworks */,
			);
			buildRules = (
			);
			dependencies = (
			);
			name = FirestoreSandbox;
			productName = FirestoreSandbox;
			productReference = FE258F2B20942DFB000EF247 /* FirestoreSandbox.app */;
			productType = "com.apple.product-type.application";
		};
/* End PBXNativeTarget section */

/* Begin PBXProject section */
		FE258F2320942DFB000EF247 /* Project object */ = {
			isa = PBXProject;
			attributes = {
				LastSwiftUpdateCheck = 0930;
				LastUpgradeCheck = 0930;
				ORGANIZATIONNAME = "Aquatica Inc.";
				TargetAttributes = {
					FE258F2A20942DFB000EF247 = {
						CreatedOnToolsVersion = 9.3;
					};
				};
			};
			buildConfigurationList = FE258F2620942DFB000EF247 /* Build configuration list for PBXProject "FirestoreSandbox" */;
			compatibilityVersion = "Xcode 9.3";
			developmentRegion = en;
			hasScannedForEncodings = 0;
			knownRegions = (
				en,
				Base,
			);
			mainGroup = FE258F2220942DFB000EF247;
			productRefGroup = FE258F2C20942DFB000EF247 /* Products */;
			projectDirPath = "";
			projectRoot = "";
			targets = (
				FE258F2A20942DFB000EF247 /* FirestoreSandbox */,
			);
		};
/* End PBXProject section */

/* Begin PBXResourcesBuildPhase section */
		FE258F2920942DFB000EF247 /* Resources */ = {
			isa = PBXResourcesBuildPhase;
			buildActionMask = 2147483647;
			files = (
				FE258F3920942DFD000EF247 /* LaunchScreen.storyboard in Resources */,
				FE2E7DD620942E4800B721A1 /* GoogleService-Info.plist in Resources */,
				FE258F3620942DFD000EF247 /* Assets.xcassets in Resources */,
				FE258F3420942DFC000EF247 /* Main.storyboard in Resources */,
			);
			runOnlyForDeploymentPostprocessing = 0;
		};
/* End PBXResourcesBuildPhase section */

/* Begin PBXShellScriptBuildPhase section */
		C6BC56992B4E322BB4139B57 /* [CP] Check Pods Manifest.lock */ = {
			isa = PBXShellScriptBuildPhase;
			buildActionMask = 2147483647;
			files = (
			);
			inputPaths = (
				"${PODS_PODFILE_DIR_PATH}/Podfile.lock",
				"${PODS_ROOT}/Manifest.lock",
			);
			name = "[CP] Check Pods Manifest.lock";
			outputPaths = (
				"$(DERIVED_FILE_DIR)/Pods-FirestoreSandbox-checkManifestLockResult.txt",
			);
			runOnlyForDeploymentPostprocessing = 0;
			shellPath = /bin/sh;
			shellScript = "diff \"${PODS_PODFILE_DIR_PATH}/Podfile.lock\" \"${PODS_ROOT}/Manifest.lock\" > /dev/null\nif [ $? != 0 ] ; then\n    # print error to STDERR\n    echo \"error: The sandbox is not in sync with the Podfile.lock. Run 'pod install' or update your CocoaPods installation.\" >&2\n    exit 1\nfi\n# This output is used by Xcode 'outputs' to avoid re-running this script phase.\necho \"SUCCESS\" > \"${SCRIPT_OUTPUT_FILE_0}\"\n";
			showEnvVarsInLog = 0;
		};
		F9C06064DCC040B8BF78AEDD /* [CP] Embed Pods Frameworks */ = {
			isa = PBXShellScriptBuildPhase;
			buildActionMask = 2147483647;
			files = (
			);
			inputPaths = (
				"${SRCROOT}/Pods/Target Support Files/Pods-FirestoreSandbox/Pods-FirestoreSandbox-frameworks.sh",
				"${BUILT_PRODUCTS_DIR}/BoringSSL/openssl.framework",
				"${BUILT_PRODUCTS_DIR}/GoogleToolboxForMac/GoogleToolboxForMac.framework",
				"${BUILT_PRODUCTS_DIR}/Protobuf/Protobuf.framework",
				"${BUILT_PRODUCTS_DIR}/gRPC/GRPCClient.framework",
				"${BUILT_PRODUCTS_DIR}/gRPC-Core/grpc.framework",
				"${BUILT_PRODUCTS_DIR}/gRPC-ProtoRPC/ProtoRPC.framework",
				"${BUILT_PRODUCTS_DIR}/gRPC-RxLibrary/RxLibrary.framework",
				"${BUILT_PRODUCTS_DIR}/leveldb-library/leveldb.framework",
				"${BUILT_PRODUCTS_DIR}/nanopb/nanopb.framework",
			);
			name = "[CP] Embed Pods Frameworks";
			outputPaths = (
				"${TARGET_BUILD_DIR}/${FRAMEWORKS_FOLDER_PATH}/openssl.framework",
				"${TARGET_BUILD_DIR}/${FRAMEWORKS_FOLDER_PATH}/GoogleToolboxForMac.framework",
				"${TARGET_BUILD_DIR}/${FRAMEWORKS_FOLDER_PATH}/Protobuf.framework",
				"${TARGET_BUILD_DIR}/${FRAMEWORKS_FOLDER_PATH}/GRPCClient.framework",
				"${TARGET_BUILD_DIR}/${FRAMEWORKS_FOLDER_PATH}/grpc.framework",
				"${TARGET_BUILD_DIR}/${FRAMEWORKS_FOLDER_PATH}/ProtoRPC.framework",
				"${TARGET_BUILD_DIR}/${FRAMEWORKS_FOLDER_PATH}/RxLibrary.framework",
				"${TARGET_BUILD_DIR}/${FRAMEWORKS_FOLDER_PATH}/leveldb.framework",
				"${TARGET_BUILD_DIR}/${FRAMEWORKS_FOLDER_PATH}/nanopb.framework",
			);
			runOnlyForDeploymentPostprocessing = 0;
			shellPath = /bin/sh;
			shellScript = "\"${SRCROOT}/Pods/Target Support Files/Pods-FirestoreSandbox/Pods-FirestoreSandbox-frameworks.sh\"\n";
			showEnvVarsInLog = 0;
		};
/* End PBXShellScriptBuildPhase section */

/* Begin PBXSourcesBuildPhase section */
		FE258F2720942DFB000EF247 /* Sources */ = {
			isa = PBXSourcesBuildPhase;
			buildActionMask = 2147483647;
			files = (
				FE258F3120942DFC000EF247 /* ViewController.swift in Sources */,
				FE258F2F20942DFB000EF247 /* AppDelegate.swift in Sources */,
			);
			runOnlyForDeploymentPostprocessing = 0;
		};
/* End PBXSourcesBuildPhase section */

/* Begin PBXVariantGroup section */
		FE258F3220942DFC000EF247 /* Main.storyboard */ = {
			isa = PBXVariantGroup;
			children = (
				FE258F3320942DFC000EF247 /* Base */,
			);
			name = Main.storyboard;
			sourceTree = "<group>";
		};
		FE258F3720942DFD000EF247 /* LaunchScreen.storyboard */ = {
			isa = PBXVariantGroup;
			children = (
				FE258F3820942DFD000EF247 /* Base */,
			);
			name = LaunchScreen.storyboard;
			sourceTree = "<group>";
		};
/* End PBXVariantGroup section */

/* Begin XCBuildConfiguration section */
		FE258F3B20942DFD000EF247 /* Debug */ = {
			isa = XCBuildConfiguration;
			buildSettings = {
				ALWAYS_SEARCH_USER_PATHS = NO;
				CLANG_ANALYZER_NONNULL = YES;
				CLANG_ANALYZER_NUMBER_OBJECT_CONVERSION = YES_AGGRESSIVE;
				CLANG_CXX_LANGUAGE_STANDARD = "gnu++14";
				CLANG_CXX_LIBRARY = "libc++";
				CLANG_ENABLE_MODULES = YES;
				CLANG_ENABLE_OBJC_ARC = YES;
				CLANG_ENABLE_OBJC_WEAK = YES;
				CLANG_WARN_BLOCK_CAPTURE_AUTORELEASING = YES;
				CLANG_WARN_BOOL_CONVERSION = YES;
				CLANG_WARN_COMMA = YES;
				CLANG_WARN_CONSTANT_CONVERSION = YES;
				CLANG_WARN_DEPRECATED_OBJC_IMPLEMENTATIONS = YES;
				CLANG_WARN_DIRECT_OBJC_ISA_USAGE = YES_ERROR;
				CLANG_WARN_DOCUMENTATION_COMMENTS = YES;
				CLANG_WARN_EMPTY_BODY = YES;
				CLANG_WARN_ENUM_CONVERSION = YES;
				CLANG_WARN_INFINITE_RECURSION = YES;
				CLANG_WARN_INT_CONVERSION = YES;
				CLANG_WARN_NON_LITERAL_NULL_CONVERSION = YES;
				CLANG_WARN_OBJC_IMPLICIT_RETAIN_SELF = YES;
				CLANG_WARN_OBJC_LITERAL_CONVERSION = YES;
				CLANG_WARN_OBJC_ROOT_CLASS = YES_ERROR;
				CLANG_WARN_RANGE_LOOP_ANALYSIS = YES;
				CLANG_WARN_STRICT_PROTOTYPES = YES;
				CLANG_WARN_SUSPICIOUS_MOVE = YES;
				CLANG_WARN_UNGUARDED_AVAILABILITY = YES_AGGRESSIVE;
				CLANG_WARN_UNREACHABLE_CODE = YES;
				CLANG_WARN__DUPLICATE_METHOD_MATCH = YES;
				CODE_SIGN_IDENTITY = "iPhone Developer";
				COPY_PHASE_STRIP = NO;
				DEBUG_INFORMATION_FORMAT = dwarf;
				ENABLE_STRICT_OBJC_MSGSEND = YES;
				ENABLE_TESTABILITY = YES;
				GCC_C_LANGUAGE_STANDARD = gnu11;
				GCC_DYNAMIC_NO_PIC = NO;
				GCC_NO_COMMON_BLOCKS = YES;
				GCC_OPTIMIZATION_LEVEL = 0;
				GCC_PREPROCESSOR_DEFINITIONS = (
					"DEBUG=1",
					"$(inherited)",
				);
				GCC_WARN_64_TO_32_BIT_CONVERSION = YES;
				GCC_WARN_ABOUT_RETURN_TYPE = YES_ERROR;
				GCC_WARN_UNDECLARED_SELECTOR = YES;
				GCC_WARN_UNINITIALIZED_AUTOS = YES_AGGRESSIVE;
				GCC_WARN_UNUSED_FUNCTION = YES;
				GCC_WARN_UNUSED_VARIABLE = YES;
				IPHONEOS_DEPLOYMENT_TARGET = 11.3;
				MTL_ENABLE_DEBUG_INFO = YES;
				ONLY_ACTIVE_ARCH = YES;
				SDKROOT = iphoneos;
				SWIFT_ACTIVE_COMPILATION_CONDITIONS = DEBUG;
				SWIFT_OPTIMIZATION_LEVEL = "-Onone";
			};
			name = Debug;
		};
		FE258F3C20942DFD000EF247 /* Release */ = {
			isa = XCBuildConfiguration;
			buildSettings = {
				ALWAYS_SEARCH_USER_PATHS = NO;
				CLANG_ANALYZER_NONNULL = YES;
				CLANG_ANALYZER_NUMBER_OBJECT_CONVERSION = YES_AGGRESSIVE;
				CLANG_CXX_LANGUAGE_STANDARD = "gnu++14";
				CLANG_CXX_LIBRARY = "libc++";
				CLANG_ENABLE_MODULES = YES;
				CLANG_ENABLE_OBJC_ARC = YES;
				CLANG_ENABLE_OBJC_WEAK = YES;
				CLANG_WARN_BLOCK_CAPTURE_AUTORELEASING = YES;
				CLANG_WARN_BOOL_CONVERSION = YES;
				CLANG_WARN_COMMA = YES;
				CLANG_WARN_CONSTANT_CONVERSION = YES;
				CLANG_WARN_DEPRECATED_OBJC_IMPLEMENTATIONS = YES;
				CLANG_WARN_DIRECT_OBJC_ISA_USAGE = YES_ERROR;
				CLANG_WARN_DOCUMENTATION_COMMENTS = YES;
				CLANG_WARN_EMPTY_BODY = YES;
				CLANG_WARN_ENUM_CONVERSION = YES;
				CLANG_WARN_INFINITE_RECURSION = YES;
				CLANG_WARN_INT_CONVERSION = YES;
				CLANG_WARN_NON_LITERAL_NULL_CONVERSION = YES;
				CLANG_WARN_OBJC_IMPLICIT_RETAIN_SELF = YES;
				CLANG_WARN_OBJC_LITERAL_CONVERSION = YES;
				CLANG_WARN_OBJC_ROOT_CLASS = YES_ERROR;
				CLANG_WARN_RANGE_LOOP_ANALYSIS = YES;
				CLANG_WARN_STRICT_PROTOTYPES = YES;
				CLANG_WARN_SUSPICIOUS_MOVE = YES;
				CLANG_WARN_UNGUARDED_AVAILABILITY = YES_AGGRESSIVE;
				CLANG_WARN_UNREACHABLE_CODE = YES;
				CLANG_WARN__DUPLICATE_METHOD_MATCH = YES;
				CODE_SIGN_IDENTITY = "iPhone Developer";
				COPY_PHASE_STRIP = NO;
				DEBUG_INFORMATION_FORMAT = "dwarf-with-dsym";
				ENABLE_NS_ASSERTIONS = NO;
				ENABLE_STRICT_OBJC_MSGSEND = YES;
				GCC_C_LANGUAGE_STANDARD = gnu11;
				GCC_NO_COMMON_BLOCKS = YES;
				GCC_WARN_64_TO_32_BIT_CONVERSION = YES;
				GCC_WARN_ABOUT_RETURN_TYPE = YES_ERROR;
				GCC_WARN_UNDECLARED_SELECTOR = YES;
				GCC_WARN_UNINITIALIZED_AUTOS = YES_AGGRESSIVE;
				GCC_WARN_UNUSED_FUNCTION = YES;
				GCC_WARN_UNUSED_VARIABLE = YES;
				IPHONEOS_DEPLOYMENT_TARGET = 11.3;
				MTL_ENABLE_DEBUG_INFO = NO;
				SDKROOT = iphoneos;
				SWIFT_COMPILATION_MODE = wholemodule;
				SWIFT_OPTIMIZATION_LEVEL = "-O";
				VALIDATE_PRODUCT = YES;
			};
			name = Release;
		};
		FE258F3E20942DFD000EF247 /* Debug */ = {
			isa = XCBuildConfiguration;
			baseConfigurationReference = 76CD5551A750253E79839FC9 /* Pods-FirestoreSandbox.debug.xcconfig */;
			buildSettings = {
				ASSETCATALOG_COMPILER_APPICON_NAME = AppIcon;
				CODE_SIGN_STYLE = Automatic;
				DEVELOPMENT_TEAM = TYBERDUS7A;
				INFOPLIST_FILE = FirestoreSandbox/Info.plist;
				LD_RUNPATH_SEARCH_PATHS = "$(inherited) @executable_path/Frameworks";
				PRODUCT_BUNDLE_IDENTIFIER = com.mono0926.FirestoreSandbox;
				PRODUCT_NAME = "$(TARGET_NAME)";
				SWIFT_VERSION = 4.0;
				TARGETED_DEVICE_FAMILY = "1,2";
			};
			name = Debug;
		};
		FE258F3F20942DFD000EF247 /* Release */ = {
			isa = XCBuildConfiguration;
			baseConfigurationReference = 5D881C24BAEB01F8D2CF7FBD /* Pods-FirestoreSandbox.release.xcconfig */;
			buildSettings = {
				ASSETCATALOG_COMPILER_APPICON_NAME = AppIcon;
				CODE_SIGN_STYLE = Automatic;
				DEVELOPMENT_TEAM = TYBERDUS7A;
				INFOPLIST_FILE = FirestoreSandbox/Info.plist;
				LD_RUNPATH_SEARCH_PATHS = "$(inherited) @executable_path/Frameworks";
				PRODUCT_BUNDLE_IDENTIFIER = com.mono0926.FirestoreSandbox;
				PRODUCT_NAME = "$(TARGET_NAME)";
				SWIFT_VERSION = 4.0;
				TARGETED_DEVICE_FAMILY = "1,2";
			};
			name = Release;
		};
/* End XCBuildConfiguration section */

/* Begin XCConfigurationList section */
		FE258F2620942DFB000EF247 /* Build configuration list for PBXProject "FirestoreSandbox" */ = {
			isa = XCConfigurationList;
			buildConfigurations = (
				FE258F3B20942DFD000EF247 /* Debug */,
				FE258F3C20942DFD000EF247 /* Release */,
			);
			defaultConfigurationIsVisible = 0;
			defaultConfigurationName = Release;
		};
		FE258F3D20942DFD000EF247 /* Build configuration list for PBXNativeTarget "FirestoreSandbox" */ = {
			isa = XCConfigurationList;
			buildConfigurations = (
				FE258F3E20942DFD000EF247 /* Debug */,
				FE258F3F20942DFD000EF247 /* Release */,
			);
			defaultConfigurationIsVisible = 0;
			defaultConfigurationName = Release;
		};
/* End XCConfigurationList section */
	};
	rootObject = FE258F2320942DFB000EF247 /* Project object */;
}
